
Microsoft Visual Studio Solution File, Format Version 12.00
# Visual Studio 15
VisualStudioVersion = 15.0.27130.0
MinimumVisualStudioVersion = 10.0.40219.1
Project("{8BC9CEB8-8B4A-11D0-8D11-00A0C91BC942}") = "GameEngine", "GameEngine\GameEngine.vcxproj", "{569F70BA-0E36-4E16-A6A0-F9D47042720B}"
EndProject
Project("{8BC9CEB8-8B4A-11D0-8D11-00A0C91BC942}") = "CppTest", "CppTest\CppTest.vcxproj", "{658B8AA2-2D8F-4343-A94A-106BD6DD6788}"
EndProject
Project("{8BC9CEB8-8B4A-11D0-8D11-00A0C91BC942}") = "MathCalculator", "MathCalculator\MathCalculator.vcxproj", "{24B8CFE9-C32A-4CFD-BA0C-A18EE16E17D1}"
EndProject
Global
	GlobalSection(SolutionConfigurationPlatforms) = preSolution
		Debug|Any CPU = Debug|Any CPU
		Debug|Mixed Platforms = Debug|Mixed Platforms
		Debug|x64 = Debug|x64
		Debug|x86 = Debug|x86
		Release|Any CPU = Release|Any CPU
		Release|Mixed Platforms = Release|Mixed Platforms
		Release|x64 = Release|x64
		Release|x86 = Release|x86
	EndGlobalSection
	GlobalSection(ProjectConfigurationPlatforms) = postSolution
		{569F70BA-0E36-4E16-A6A0-F9D47042720B}.Debug|Any CPU.ActiveCfg = Debug|Win32
		{569F70BA-0E36-4E16-A6A0-F9D47042720B}.Debug|Mixed Platforms.ActiveCfg = Debug|Win32
		{569F70BA-0E36-4E16-A6A0-F9D47042720B}.Debug|Mixed Platforms.Build.0 = Debug|Win32
		{569F70BA-0E36-4E16-A6A0-F9D47042720B}.Debug|x64.ActiveCfg = Debug|x64
		{569F70BA-0E36-4E16-A6A0-F9D47042720B}.Debug|x64.Build.0 = Debug|x64
		{569F70BA-0E36-4E16-A6A0-F9D47042720B}.Debug|x86.ActiveCfg = Debug|Win32
		{569F70BA-0E36-4E16-A6A0-F9D47042720B}.Debug|x86.Build.0 = Debug|Win32
		{569F70BA-0E36-4E16-A6A0-F9D47042720B}.Release|Any CPU.ActiveCfg = Release|Win32
		{569F70BA-0E36-4E16-A6A0-F9D47042720B}.Release|Mixed Platforms.ActiveCfg = Release|Win32
		{569F70BA-0E36-4E16-A6A0-F9D47042720B}.Release|Mixed Platforms.Build.0 = Release|Win32
		{569F70BA-0E36-4E16-A6A0-F9D47042720B}.Release|x64.ActiveCfg = Release|x64
		{569F70BA-0E36-4E16-A6A0-F9D47042720B}.Release|x64.Build.0 = Release|x64
		{569F70BA-0E36-4E16-A6A0-F9D47042720B}.Release|x86.ActiveCfg = Release|Win32
		{569F70BA-0E36-4E16-A6A0-F9D47042720B}.Release|x86.Build.0 = Release|Win32
		{658B8AA2-2D8F-4343-A94A-106BD6DD6788}.Debug|Any CPU.ActiveCfg = Debug|Win32
		{658B8AA2-2D8F-4343-A94A-106BD6DD6788}.Debug|Mixed Platforms.ActiveCfg = Debug|Win32
		{658B8AA2-2D8F-4343-A94A-106BD6DD6788}.Debug|Mixed Platforms.Build.0 = Debug|Win32
		{658B8AA2-2D8F-4343-A94A-106BD6DD6788}.Debug|x64.ActiveCfg = Debug|x64
		{658B8AA2-2D8F-4343-A94A-106BD6DD6788}.Debug|x64.Build.0 = Debug|x64
		{658B8AA2-2D8F-4343-A94A-106BD6DD6788}.Debug|x86.ActiveCfg = Debug|Win32
		{658B8AA2-2D8F-4343-A94A-106BD6DD6788}.Debug|x86.Build.0 = Debug|Win32
		{658B8AA2-2D8F-4343-A94A-106BD6DD6788}.Release|Any CPU.ActiveCfg = Release|Win32
		{658B8AA2-2D8F-4343-A94A-106BD6DD6788}.Release|Mixed Platforms.ActiveCfg = Release|Win32
		{658B8AA2-2D8F-4343-A94A-106BD6DD6788}.Release|Mixed Platforms.Build.0 = Release|Win32
		{658B8AA2-2D8F-4343-A94A-106BD6DD6788}.Release|x64.ActiveCfg = Release|x64
		{658B8AA2-2D8F-4343-A94A-106BD6DD6788}.Release|x64.Build.0 = Release|x64
		{658B8AA2-2D8F-4343-A94A-106BD6DD6788}.Release|x86.ActiveCfg = Release|Win32
		{658B8AA2-2D8F-4343-A94A-106BD6DD6788}.Release|x86.Build.0 = Release|Win32
		{24B8CFE9-C32A-4CFD-BA0C-A18EE16E17D1}.Debug|Any CPU.ActiveCfg = Debug|Win32
		{24B8CFE9-C32A-4CFD-BA0C-A18EE16E17D1}.Debug|Mixed Platforms.ActiveCfg = Debug|Win32
		{24B8CFE9-C32A-4CFD-BA0C-A18EE16E17D1}.Debug|Mixed Platforms.Build.0 = Debug|Win32
		{24B8CFE9-C32A-4CFD-BA0C-A18EE16E17D1}.Debug|x64.ActiveCfg = Debug|x64
		{24B8CFE9-C32A-4CFD-BA0C-A18EE16E17D1}.Debug|x64.Build.0 = Debug|x64
		{24B8CFE9-C32A-4CFD-BA0C-A18EE16E17D1}.Debug|x86.ActiveCfg = Debug|Win32
		{24B8CFE9-C32A-4CFD-BA0C-A18EE16E17D1}.Debug|x86.Build.0 = Debug|Win32
		{24B8CFE9-C32A-4CFD-BA0C-A18EE16E17D1}.Release|Any CPU.ActiveCfg = Release|Win32
		{24B8CFE9-C32A-4CFD-BA0C-A18EE16E17D1}.Release|Mixed Platforms.ActiveCfg = Release|Win32
		{24B8CFE9-C32A-4CFD-BA0C-A18EE16E17D1}.Release|Mixed Platforms.Build.0 = Release|Win32
		{24B8CFE9-C32A-4CFD-BA0C-A18EE16E17D1}.Release|x64.ActiveCfg = Release|x64
		{24B8CFE9-C32A-4CFD-BA0C-A18EE16E17D1}.Release|x64.Build.0 = Release|x64
		{24B8CFE9-C32A-4CFD-BA0C-A18EE16E17D1}.Release|x86.ActiveCfg = Release|Win32
		{24B8CFE9-C32A-4CFD-BA0C-A18EE16E17D1}.Release|x86.Build.0 = Release|Win32
	EndGlobalSection
	GlobalSection(SolutionProperties) = preSolution
		HideSolutionNode = FALSE
	EndGlobalSection
	GlobalSection(ExtensibilityGlobals) = postSolution
		SolutionGuid = {32FAADC5-AC12-46CE-BF02-8DD0745C4D1B}
	EndGlobalSection
EndGlobal
