<?xml version="1.0" encoding="utf-8"?>
<Project ToolsVersion="4.0" xmlns="http://schemas.microsoft.com/developer/msbuild/2003">
  <ItemGroup>
    <ClInclude Include="Rendering\Private\Hardware\Private\Common.h" />
    <ClInclude Include="Rendering\Private\Hardware\Private\DX11Buffer.h" />
    <ClInclude Include="Rendering\Private\Hardware\Private\DX11Device.h" />
    <ClInclude Include="Rendering\Private\Hardware\Private\DX11Shader.h" />
    <ClInclude Include="Rendering\Private\Hardware\Private\DX11Texture.h" />
    <ClInclude Include="Rendering\Private\Hardware\Private\DX11Viewport.h" />
    <ClInclude Include="Rendering\Private\Hardware\Public\RHIDevice.h" />
    <ClInclude Include="Rendering\Private\Hardware\Public\RHIResource.h" />
    <ClInclude Include="Rendering\Public\RManager.h" />
    <ClInclude Include="Rendering\Public\RFontLetter.h" />
    <ClInclude Include="Rendering\Private\RResourceManager.h" />
    <ClInclude Include="Rendering\Public\R2DRenderer.h" />
    <ClInclude Include="Rendering\Private\FontGenerator.h" />
    <ClInclude Include="Rendering\Private\RShader.h" />
    <ClInclude Include="Rendering\Public\RViewport.h" />
    <ClInclude Include="Rendering\Public\RTextBlock.h" />
    <ClInclude Include="Rendering\Public\RTextContainer.h" />
    <ClInclude Include="UserInterface\Public\Framework\UIApplication.h" />
    <ClInclude Include="UserInterface\Public\Framework\UIWindow.h" />
    <ClInclude Include="UserInterface\Public\Framework\UIControl.h" />
    <ClInclude Include="UserInterface\Public\Framework\UICore.h" />
    <ClInclude Include="UserInterface\Private\Control\UIColor.h" />
    <ClInclude Include="UserInterface\Private\Framework\UIWinAPIMessage.h" />
    <ClInclude Include="Core\Public\System\Template.h" />
    <ClInclude Include="Core\Public\System\Debug.h" />
    <ClInclude Include="Core\Public\System\FileManager.h" />
    <ClInclude Include="Core\Public\System\Input.h" />
    <ClInclude Include="Core\Public\Math\Vector4.h" />
    <ClInclude Include="Core\Public\Math\Function.h" />
    <ClInclude Include="Core\Public\Math\Matrix.h" />
    <ClInclude Include="Core\Public\Math\Rectangle.h" />
    <ClInclude Include="Core\Public\Math\Vector2.h" />
    <ClInclude Include="Core\Public\Math\Vector3.h" />
    <ClInclude Include="Rendering\Private\RFontLetter.h" />
    <ClInclude Include="UserInterface\Public\Control\Container\UIGrid.h" />
    <ClInclude Include="UserInterface\Public\Control\Container\UIStackPanel.h" />
    <ClInclude Include="UserInterface\Public\Control\UIButton.h" />
    <ClInclude Include="UserInterface\Public\Control\UIDockingTab.h" />
    <ClInclude Include="UserInterface\Public\Control\UIImage.h" />
    <ClInclude Include="UserInterface\Public\Control\UITextBlock.h" />
    <ClInclude Include="UserInterface\Public\Control\UITreeView.h" />
    <ClInclude Include="UserInterface\Public\Control\UIWindowControl.h" />
    <ClInclude Include="UserInterface\Public\Control\Container\UIScrollView.h" />
    <ClInclude Include="UserInterface\Public\Control\UIWorldEditor.h" />
    <ClInclude Include="Test\Test.h" />
    <ClInclude Include="Core\Public\System\Dynamic.h" />
    <ClInclude Include="Test\dropbox\json11.hpp" />
    <ClInclude Include="Test\TestWindow.h" />
    <ClInclude Include="Core\Public\System\Constexpr.h" />
    <ClInclude Include="stdafx.h" />
    <ClInclude Include="Core\Public\Math\Using.h" />
    <ClInclude Include="Procedural\Private\FrontEnd\Private\Common.h" />
    <ClInclude Include="Procedural\Private\FrontEnd\Private\Expression.h" />
    <ClInclude Include="Procedural\Private\FrontEnd\Private\Statement.h" />
    <ClInclude Include="Procedural\Private\Intermediate.h" />
    <ClInclude Include="Core\Public\Script\BasicLibrary.h" />
    <ClInclude Include="Core\Public\Script\Json.h" />
    <ClInclude Include="Core\Public\Script\Lexer.h" />
    <ClInclude Include="Core\Public\Script\Parser.h" />
    <ClInclude Include="Procedural\Private\Shape.h" />
    <ClInclude Include="Procedural\Private\FrontEnd\Public\FrontEnd.h" />
    <ClInclude Include="Procedural\Private\BackEnd\Private\xbyak\xbyak_util.h" />
    <ClInclude Include="Procedural\Private\BackEnd\Private\xbyak\xbyak.h" />
    <ClInclude Include="Procedural\Private\BackEnd\Private\xbyak\xbyak_bin2hex.h" />
    <ClInclude Include="Procedural\Private\BackEnd\Private\xbyak\xbyak_mnemonic.h" />
    <ClInclude Include="Procedural\Private\BackEnd\Private\Compiler.h" />
    <ClInclude Include="Procedural\Private\Intermediate.h" />
    <ClInclude Include="Procedural\Private\Shape.h" />
    <ClInclude Include="Procedural\Private\FrontEnd\Private\Utility.h" />
  </ItemGroup>
  <ItemGroup>
    <None Include="Rendering\Private\Shaders\BoardPixel.h" />
    <None Include="Rendering\Private\Shaders\BoardTexturePixel.h" />
    <None Include="Rendering\Private\Shaders\BoardVertex.h" />
    <None Include="Rendering\Private\Shaders\Common.h" />
  </ItemGroup>
  <ItemGroup>
    <ClCompile Include="Launch\Main.cpp" />
    <ClCompile Include="Rendering\Private\Hardware\Private\DX11Buffer.cpp" />
    <ClCompile Include="Rendering\Private\Hardware\Private\DX11Device.cpp" />
    <ClCompile Include="Rendering\Private\Hardware\Private\DX11Shader.cpp" />
    <ClCompile Include="Rendering\Private\Hardware\Private\DX11Texture.cpp" />
    <ClCompile Include="Rendering\Private\Hardware\Private\DX11Viewport.cpp" />
    <ClCompile Include="Rendering\Private\RManager.cpp" />
    <ClCompile Include="Rendering\Private\RFontLetter.cpp" />
    <ClCompile Include="Rendering\Private\RResourceManager.cpp" />
    <ClCompile Include="Rendering\Private\R2DRenderer.cpp" />
    <ClCompile Include="Rendering\Private\FontGenerator.cpp" />
    <ClCompile Include="Rendering\Private\RViewport.cpp" />
    <ClCompile Include="Rendering\Private\RTextContainer.cpp" />
    <ClCompile Include="Rendering\Private\RTextBlock.cpp" />
    <ClCompile Include="UserInterface\Private\Control\UIButton.cpp" />
    <ClCompile Include="UserInterface\Private\Control\UITreeView.cpp" />
    <ClCompile Include="UserInterface\Private\Control\Container\UIStackPanel.cpp" />
    <ClCompile Include="UserInterface\Private\Control\Container\UIGrid.cpp" />
    <ClCompile Include="UserInterface\Private\Framework\UIApplication.cpp" />
    <ClCompile Include="UserInterface\Private\Framework\UIWindow.cpp" />
    <ClCompile Include="UserInterface\Private\Control\UIWindowControl.cpp" />
    <ClCompile Include="UserInterface\Private\Framework\UIControl.cpp" />
    <ClCompile Include="UserInterface\Private\Control\UIImage.cpp" />
    <ClCompile Include="UserInterface\Private\Control\UIDockingTab.cpp" />
    <ClCompile Include="Core\Private\System\FileManager.cpp" />
    <ClCompile Include="Core\Private\System\Debug.cpp" />
    <ClCompile Include="Core\Private\Math\Function.cpp" />
    <ClCompile Include="Core\Private\Math\Matrix.cpp" />
    <ClCompile Include="UserInterface\Private\Control\UITextBlock.cpp" />
    <ClCompile Include="UserInterface\Private\Control\Container\UIScrollView.cpp" />
    <ClCompile Include="UserInterface\Private\Control\UIWorldEditor.cpp" />
    <ClCompile Include="Core\Private\Script\Lexer.cpp" />
    <ClCompile Include="Core\Private\Script\Json.cpp" />
    <ClCompile Include="Test\CoreTest.cpp" />
    <ClCompile Include="Core\Private\System\Dynamic.cpp" />
    <ClCompile Include="Test\Benchmark.cpp" />
    <ClCompile Include="Test\dropbox\json11.cpp" />
    <ClCompile Include="Test\TestWindow.cpp" />
    <ClCompile Include="Test\RenderingTest.cpp" />
    <ClCompile Include="Test\ProcedualText.cpp" />
    <ClCompile Include="stdafx.cpp" />
    <ClCompile Include="Procedural\Private\FrontEnd\Private\Expression.cpp" />
    <ClCompile Include="Procedural\Private\FrontEnd\Private\Statement.cpp" />
    <ClCompile Include="Procedural\Private\BackEnd\Private\Compiler.cpp" />
    <ClCompile Include="Procedural\Private\FrontEnd\Private\FrontEnd.cpp" />
    <ClCompile Include="Procedural\Private\FrontEnd\Private\Utility.cpp" />
  </ItemGroup>
  <ItemGroup>
    <Text Include="Launch\Debug.txt" />
    <Text Include="Core\IdentifierLaw.txt" />
  </ItemGroup>
  <ItemGroup>
    <FxCompile Include="Rendering\Private\Shaders\BoardPixel.hlsl" />
    <FxCompile Include="Rendering\Private\Shaders\BoardTexturePixel.hlsl" />
    <FxCompile Include="Rendering\Private\Shaders\BoardVertex.hlsl" />
    <FxCompile Include="Rendering\Private\Shaders\DefaultPixel.hlsl" />
    <FxCompile Include="Rendering\Private\Shaders\DefaultVertex.hlsl" />
    <FxCompile Include="Rendering\Private\Shaders\LineVertex.hlsl" />
  </ItemGroup>
</Project>